{
  "name": "parcel-dist-cleaner",
  "version": "1.0.0",
  "lockfileVersion": 1,
  "requires": true,
  "dependencies": {
    "stefannpm": {
      "version": "2.5.0",
      "resolved": "https://registry.npmjs.org/stefannpm/-/stefannpm-2.5.0.tgz",
      "integrity": "sha512-l096ql5CXFYLUhcc3Yp9G/qfA7I0efCqbEWwGusbUKR2pzmWwvEtXh+oncLAKJ6Uet6hffm0VZPdxE0tTqQqrA=="
    }
  }
}
